
Microsoft Visual Studio Solution File, Format Version 12.00
# Visual Studio 15
VisualStudioVersion = 15.0.26730.16
MinimumVisualStudioVersion = 10.0.40219.1
Project("{FAE04EC0-301F-11D3-BF4B-00C04F79EFBC}") = "CrackMe", "CrackMe\CrackMe.csproj", "{0F1A4255-4523-40CF-9919-6985E9264575}"
EndProject
Global
	GlobalSection(SolutionConfigurationPlatforms) = preSolution
		Debug|Any CPU = Debug|Any CPU
		Release|Any CPU = Release|Any CPU
	EndGlobalSection
	GlobalSection(ProjectConfigurationPlatforms) = postSolution
		{0F1A4255-4523-40CF-9919-6985E9264575}.Debug|Any CPU.ActiveCfg = Debug|Any CPU
		{0F1A4255-4523-40CF-9919-6985E9264575}.Debug|Any CPU.Build.0 = Debug|Any CPU
		{0F1A4255-4523-40CF-9919-6985E9264575}.Release|Any CPU.ActiveCfg = Release|Any CPU
		{0F1A4255-4523-40CF-9919-6985E9264575}.Release|Any CPU.Build.0 = Release|Any CPU
	EndGlobalSection
	GlobalSection(SolutionProperties) = preSolution
		HideSolutionNode = FALSE
	EndGlobalSection
	GlobalSection(ExtensibilityGlobals) = postSolution
		SolutionGuid = {15580867-B1A0-4072-8A83-D26B6816E12F}
	EndGlobalSection
EndGlobal
